// !$*UTF8*$!
{
	archiveVersion = 1;
	classes = {
	};
	objectVersion = 42;
	objects = {

/* Begin PBXBuildFile section */
		5F05134005A0957400BD0E76 /* fold3d.cp in Sources */ = {isa = PBXBuildFile; fileRef = 2E4853BA05A07363009789C1 /* fold3d.cp */; };
		5F05134205A0957400BD0E76 /* Carbon.framework in Frameworks */ = {isa = PBXBuildFile; fileRef = 2EADE3EB056EA181004A4EFC /* Carbon.framework */; };
		BEBB33C70B193178000D1681 /* LMMessageName.cpp in Sources */ = {isa = PBXBuildFile; fileRef = BEBB328A0B191694000D1681 /* LMMessageName.cpp */; };
		BEBB33FE0B193CCA000D1681 /* ScanForFolds.cpp in Sources */ = {isa = PBXBuildFile; fileRef = BEBB32DA0B191CBD000D1681 /* ScanForFolds.cpp */; };
		BEBB33FF0B193CCD000D1681 /* FindLanguageType.cpp in Sources */ = {isa = PBXBuildFile; fileRef = BEBB32A70B191A12000D1681 /* FindLanguageType.cpp */; };
/* End PBXBuildFile section */

/* Begin PBXFileReference section */
		2E4853BA05A07363009789C1 /* fold3d.cp */ = {isa = PBXFileReference; fileEncoding = 30; lastKnownFileType = sourcecode.cpp.cpp; path = fold3d.cp; sourceTree = "<group>"; };
		2EADE3EB056EA181004A4EFC /* Carbon.framework */ = {isa = PBXFileReference; lastKnownFileType = wrapper.framework; name = Carbon.framework; path = /System/Library/Frameworks/Carbon.framework; sourceTree = "<absolute>"; };
		5F05134505A0957400BD0E76 /* Info.plist */ = {isa = PBXFileReference; lastKnownFileType = text.xml; path = Info.plist; sourceTree = "<group>"; };
		5F05134605A0957400BD0E76 /* Fold3D.bblm */ = {isa = PBXFileReference; explicitFileType = wrapper.cfbundle; includeInIndex = 0; path = Fold3D.bblm; sourceTree = BUILT_PRODUCTS_DIR; };
		BE70408B0B18F44400F06E3D /* BBLMTextIterator.h */ = {isa = PBXFileReference; fileEncoding = 30; lastKnownFileType = sourcecode.c.h; name = BBLMTextIterator.h; path = "Interfaces/Language Modules/BBLMTextIterator.h"; sourceTree = BBEdit_SDK; };
		BE70408C0B18F44400F06E3D /* BBLMInterface.h */ = {isa = PBXFileReference; fileEncoding = 30; lastKnownFileType = sourcecode.c.h; name = BBLMInterface.h; path = "Interfaces/Language Modules/BBLMInterface.h"; sourceTree = BBEdit_SDK; };
		BE7040940B18F49100F06E3D /* BBXTInterface.h */ = {isa = PBXFileReference; fileEncoding = 30; lastKnownFileType = sourcecode.c.h; name = BBXTInterface.h; path = Interfaces/Tools/BBXTInterface.h; sourceTree = BBEdit_SDK; };
		BEBB32890B191694000D1681 /* LMMessageName.h */ = {isa = PBXFileReference; fileEncoding = 4; lastKnownFileType = sourcecode.c.h; path = LMMessageName.h; sourceTree = "<group>"; };
		BEBB328A0B191694000D1681 /* LMMessageName.cpp */ = {isa = PBXFileReference; fileEncoding = 4; lastKnownFileType = sourcecode.cpp.cpp; path = LMMessageName.cpp; sourceTree = "<group>"; };
		BEBB32A60B191A12000D1681 /* FindLanguageType.h */ = {isa = PBXFileReference; fileEncoding = 4; lastKnownFileType = sourcecode.c.h; path = FindLanguageType.h; sourceTree = "<group>"; };
		BEBB32A70B191A12000D1681 /* FindLanguageType.cpp */ = {isa = PBXFileReference; fileEncoding = 4; lastKnownFileType = sourcecode.cpp.cpp; path = FindLanguageType.cpp; sourceTree = "<group>"; };
		BEBB32D90B191CBD000D1681 /* ScanForFolds.h */ = {isa = PBXFileReference; fileEncoding = 4; lastKnownFileType = sourcecode.c.h; path = ScanForFolds.h; sourceTree = "<group>"; };
		BEBB32DA0B191CBD000D1681 /* ScanForFolds.cpp */ = {isa = PBXFileReference; fileEncoding = 4; lastKnownFileType = sourcecode.cpp.cpp; path = ScanForFolds.cpp; sourceTree = "<group>"; };
		BEBB348E0B196E05000D1681 /* Fold3D.xcconfig */ = {isa = PBXFileReference; fileEncoding = 4; lastKnownFileType = text.xcconfig; path = Fold3D.xcconfig; sourceTree = "<group>"; };
/* End PBXFileReference section */

/* Begin PBXFrameworksBuildPhase section */
		5F05134105A0957400BD0E76 /* Frameworks */ = {
			isa = PBXFrameworksBuildPhase;
			buildActionMask = 2147483647;
			files = (
				5F05134205A0957400BD0E76 /* Carbon.framework in Frameworks */,
			);
			runOnlyForDeploymentPostprocessing = 0;
		};
/* End PBXFrameworksBuildPhase section */

/* Begin PBXGroup section */
		089C166AFE841209C02AAC07 /* Hello World */ = {
			isa = PBXGroup;
			children = (
				08FB77ADFE841716C02AAC07 /* Source */,
				2EADE40E056EA22B004A4EFC /* SDK Headers */,
				2EADE3EB056EA181004A4EFC /* Carbon.framework */,
				5F05134505A0957400BD0E76 /* Info.plist */,
				5F05134605A0957400BD0E76 /* Fold3D.bblm */,
				BEBB348E0B196E05000D1681 /* Fold3D.xcconfig */,
			);
			name = "Hello World";
			sourceTree = "<group>";
		};
		08FB77ADFE841716C02AAC07 /* Source */ = {
			isa = PBXGroup;
			children = (
				2E4853BA05A07363009789C1 /* fold3d.cp */,
				BEBB32D90B191CBD000D1681 /* ScanForFolds.h */,
				BEBB32DA0B191CBD000D1681 /* ScanForFolds.cpp */,
				BEBB32890B191694000D1681 /* LMMessageName.h */,
				BEBB328A0B191694000D1681 /* LMMessageName.cpp */,
				BEBB32A60B191A12000D1681 /* FindLanguageType.h */,
				BEBB32A70B191A12000D1681 /* FindLanguageType.cpp */,
			);
			name = Source;
			sourceTree = "<group>";
		};
		2EADE40E056EA22B004A4EFC /* SDK Headers */ = {
			isa = PBXGroup;
			children = (
				BE7040940B18F49100F06E3D /* BBXTInterface.h */,
				BE70408B0B18F44400F06E3D /* BBLMTextIterator.h */,
				BE70408C0B18F44400F06E3D /* BBLMInterface.h */,
			);
			name = "SDK Headers";
			sourceTree = "<group>";
		};
/* End PBXGroup section */

/* Begin PBXHeadersBuildPhase section */
		5F05133A05A0957400BD0E76 /* Headers */ = {
			isa = PBXHeadersBuildPhase;
			buildActionMask = 2147483647;
			files = (
			);
			runOnlyForDeploymentPostprocessing = 0;
		};
/* End PBXHeadersBuildPhase section */

/* Begin PBXNativeTarget section */
		5F05133905A0957400BD0E76 /* Fold3D */ = {
			isa = PBXNativeTarget;
			buildConfigurationList = 2E4F91CD0863164B009D6578 /* Build configuration list for PBXNativeTarget "Fold3D" */;
			buildPhases = (
				5F05133A05A0957400BD0E76 /* Headers */,
				5F05133E05A0957400BD0E76 /* Resources */,
				5F05133F05A0957400BD0E76 /* Sources */,
				5F05134105A0957400BD0E76 /* Frameworks */,
				5F05134305A0957400BD0E76 /* Rez */,
			);
			buildRules = (
			);
			dependencies = (
			);
			name = Fold3D;
			productInstallPath = "$(HOME)/Library/Bundles";
			productName = "Hello World";
			productReference = 5F05134605A0957400BD0E76 /* Fold3D.bblm */;
			productType = "com.apple.product-type.bundle";
		};
/* End PBXNativeTarget section */

/* Begin PBXProject section */
		089C1669FE841209C02AAC07 /* Project object */ = {
			isa = PBXProject;
			buildConfigurationList = 2E4F91D10863164B009D6578 /* Build configuration list for PBXProject "Fold3D" */;
			hasScannedForEncodings = 1;
			mainGroup = 089C166AFE841209C02AAC07 /* Hello World */;
			productRefGroup = 089C166AFE841209C02AAC07 /* Hello World */;
			projectDirPath = "";
			targets = (
				5F05133905A0957400BD0E76 /* Fold3D */,
			);
		};
/* End PBXProject section */

/* Begin PBXResourcesBuildPhase section */
		5F05133E05A0957400BD0E76 /* Resources */ = {
			isa = PBXResourcesBuildPhase;
			buildActionMask = 2147483647;
			files = (
			);
			runOnlyForDeploymentPostprocessing = 0;
		};
/* End PBXResourcesBuildPhase section */

/* Begin PBXRezBuildPhase section */
		5F05134305A0957400BD0E76 /* Rez */ = {
			isa = PBXRezBuildPhase;
			buildActionMask = 2147483647;
			files = (
			);
			runOnlyForDeploymentPostprocessing = 0;
		};
/* End PBXRezBuildPhase section */

/* Begin PBXSourcesBuildPhase section */
		5F05133F05A0957400BD0E76 /* Sources */ = {
			isa = PBXSourcesBuildPhase;
			buildActionMask = 2147483647;
			files = (
				5F05134005A0957400BD0E76 /* fold3d.cp in Sources */,
				BEBB33C70B193178000D1681 /* LMMessageName.cpp in Sources */,
				BEBB33FE0B193CCA000D1681 /* ScanForFolds.cpp in Sources */,
				BEBB33FF0B193CCD000D1681 /* FindLanguageType.cpp in Sources */,
			);
			runOnlyForDeploymentPostprocessing = 0;
		};
/* End PBXSourcesBuildPhase section */

/* Begin XCBuildConfiguration section */
		2E4F91CE0863164B009D6578 /* Debug */ = {
			isa = XCBuildConfiguration;
			buildSettings = {
			};
			name = Debug;
		};
		2E4F91CF0863164B009D6578 /* Release */ = {
			isa = XCBuildConfiguration;
			buildSettings = {
			};
			name = Release;
		};
		2E4F91D20863164B009D6578 /* Debug */ = {
			isa = XCBuildConfiguration;
			baseConfigurationReference = BEBB348E0B196E05000D1681 /* Fold3D.xcconfig */;
			buildSettings = {
				GCC_OPTIMIZATION_LEVEL = 0;
				GCC_PREPROCESSOR_DEFINITIONS = "DEBUG=1";
			};
			name = Debug;
		};
		2E4F91D30863164B009D6578 /* Release */ = {
			isa = XCBuildConfiguration;
			baseConfigurationReference = BEBB348E0B196E05000D1681 /* Fold3D.xcconfig */;
			buildSettings = {
				ARCHS = (
					ppc,
					i386,
				);
				GCC_WARN_UNINITIALIZED_AUTOS = YES;
			};
			name = Release;
		};
/* End XCBuildConfiguration section */

/* Begin XCConfigurationList section */
		2E4F91CD0863164B009D6578 /* Build configuration list for PBXNativeTarget "Fold3D" */ = {
			isa = XCConfigurationList;
			buildConfigurations = (
				2E4F91CE0863164B009D6578 /* Debug */,
				2E4F91CF0863164B009D6578 /* Release */,
			);
			defaultConfigurationIsVisible = 0;
			defaultConfigurationName = Debug;
		};
		2E4F91D10863164B009D6578 /* Build configuration list for PBXProject "Fold3D" */ = {
			isa = XCConfigurationList;
			buildConfigurations = (
				2E4F91D20863164B009D6578 /* Debug */,
				2E4F91D30863164B009D6578 /* Release */,
			);
			defaultConfigurationIsVisible = 0;
			defaultConfigurationName = Debug;
		};
/* End XCConfigurationList section */
	};
	rootObject = 089C1669FE841209C02AAC07 /* Project object */;
}
