// !$*UTF8*$!
{
	archiveVersion = 1;
	classes = {
	};
	objectVersion = 45;
	objects = {

/* Begin PBXBuildFile section */
		BE3F6D8A218E326A00D285CF /* ScanForFolds.mm in Sources */ = {isa = PBXBuildFile; fileRef = BE3F6D89218E326A00D285CF /* ScanForFolds.mm */; };
		BE3F6D8D218E32BE00D285CF /* Cocoa.framework in Frameworks */ = {isa = PBXBuildFile; fileRef = BE3F6D8C218E32BE00D285CF /* Cocoa.framework */; };
		BE3F6D90218E331000D285CF /* fold3d.mm in Sources */ = {isa = PBXBuildFile; fileRef = BE3F6D8F218E331000D285CF /* fold3d.mm */; };
		BE3F6D92218E8E9E00D285CF /* FindLanguageType.mm in Sources */ = {isa = PBXBuildFile; fileRef = BE3F6D91218E8E9E00D285CF /* FindLanguageType.mm */; };
		BE3F6D94218E8EEA00D285CF /* LMMessageName.mm in Sources */ = {isa = PBXBuildFile; fileRef = BE3F6D93218E8EEA00D285CF /* LMMessageName.mm */; };
		BE3F6D97218F605300D285CF /* CalculateRuns.mm in Sources */ = {isa = PBXBuildFile; fileRef = BE3F6D95218F605300D285CF /* CalculateRuns.mm */; };
		BE3F6D98218F605300D285CF /* CalculateRuns.h in Headers */ = {isa = PBXBuildFile; fileRef = BE3F6D96218F605300D285CF /* CalculateRuns.h */; };
/* End PBXBuildFile section */

/* Begin PBXFileReference section */
		5F05134505A0957400BD0E76 /* Info.plist */ = {isa = PBXFileReference; fileEncoding = 4; lastKnownFileType = text.plist.xml; path = Info.plist; sourceTree = "<group>"; };
		5F05134605A0957400BD0E76 /* VRML+3DMF.bblm */ = {isa = PBXFileReference; explicitFileType = wrapper.cfbundle; includeInIndex = 0; path = "VRML+3DMF.bblm"; sourceTree = BUILT_PRODUCTS_DIR; };
		BE3F6D84218E0CF000D285CF /* BBLMInterface.h */ = {isa = PBXFileReference; lastKnownFileType = sourcecode.c.h; path = BBLMInterface.h; sourceTree = "<group>"; };
		BE3F6D85218E0CF000D285CF /* BBLMToken.h */ = {isa = PBXFileReference; lastKnownFileType = sourcecode.c.h; path = BBLMToken.h; sourceTree = "<group>"; };
		BE3F6D88218E0CF000D285CF /* BBLMTextIterator.h */ = {isa = PBXFileReference; lastKnownFileType = sourcecode.c.h; path = BBLMTextIterator.h; sourceTree = "<group>"; };
		BE3F6D89218E326A00D285CF /* ScanForFolds.mm */ = {isa = PBXFileReference; fileEncoding = 4; lastKnownFileType = sourcecode.cpp.objcpp; path = ScanForFolds.mm; sourceTree = "<group>"; };
		BE3F6D8C218E32BE00D285CF /* Cocoa.framework */ = {isa = PBXFileReference; lastKnownFileType = wrapper.framework; name = Cocoa.framework; path = System/Library/Frameworks/Cocoa.framework; sourceTree = SDKROOT; };
		BE3F6D8F218E331000D285CF /* fold3d.mm */ = {isa = PBXFileReference; fileEncoding = 4; lastKnownFileType = sourcecode.cpp.objcpp; path = fold3d.mm; sourceTree = "<group>"; };
		BE3F6D91218E8E9E00D285CF /* FindLanguageType.mm */ = {isa = PBXFileReference; fileEncoding = 4; lastKnownFileType = sourcecode.cpp.objcpp; path = FindLanguageType.mm; sourceTree = "<group>"; };
		BE3F6D93218E8EEA00D285CF /* LMMessageName.mm */ = {isa = PBXFileReference; fileEncoding = 4; lastKnownFileType = sourcecode.cpp.objcpp; path = LMMessageName.mm; sourceTree = "<group>"; };
		BE3F6D95218F605300D285CF /* CalculateRuns.mm */ = {isa = PBXFileReference; lastKnownFileType = sourcecode.cpp.objcpp; path = CalculateRuns.mm; sourceTree = "<group>"; };
		BE3F6D96218F605300D285CF /* CalculateRuns.h */ = {isa = PBXFileReference; lastKnownFileType = sourcecode.c.h; path = CalculateRuns.h; sourceTree = "<group>"; };
		BE3F6D992197524300D285CF /* prefix.h */ = {isa = PBXFileReference; lastKnownFileType = sourcecode.c.h; path = prefix.h; sourceTree = "<group>"; };
		BEBB32890B191694000D1681 /* LMMessageName.h */ = {isa = PBXFileReference; fileEncoding = 4; lastKnownFileType = sourcecode.c.h; path = LMMessageName.h; sourceTree = "<group>"; };
		BEBB32A60B191A12000D1681 /* FindLanguageType.h */ = {isa = PBXFileReference; fileEncoding = 4; lastKnownFileType = sourcecode.c.h; path = FindLanguageType.h; sourceTree = "<group>"; };
		BEBB32D90B191CBD000D1681 /* ScanForFolds.h */ = {isa = PBXFileReference; fileEncoding = 4; lastKnownFileType = sourcecode.c.h; path = ScanForFolds.h; sourceTree = "<group>"; };
		BEBB348E0B196E05000D1681 /* Fold3D.xcconfig */ = {isa = PBXFileReference; fileEncoding = 4; lastKnownFileType = text.xcconfig; path = Fold3D.xcconfig; sourceTree = "<group>"; };
/* End PBXFileReference section */

/* Begin PBXFrameworksBuildPhase section */
		5F05134105A0957400BD0E76 /* Frameworks */ = {
			isa = PBXFrameworksBuildPhase;
			buildActionMask = 2147483647;
			files = (
				BE3F6D8D218E32BE00D285CF /* Cocoa.framework in Frameworks */,
			);
			runOnlyForDeploymentPostprocessing = 0;
		};
/* End PBXFrameworksBuildPhase section */

/* Begin PBXGroup section */
		089C166AFE841209C02AAC07 /* Hello World */ = {
			isa = PBXGroup;
			children = (
				BEBB348E0B196E05000D1681 /* Fold3D.xcconfig */,
				08FB77ADFE841716C02AAC07 /* Source */,
				2EADE40E056EA22B004A4EFC /* SDK Headers */,
				5F05134505A0957400BD0E76 /* Info.plist */,
				5F05134605A0957400BD0E76 /* VRML+3DMF.bblm */,
				BE3F6D8B218E32BD00D285CF /* Frameworks */,
			);
			name = "Hello World";
			sourceTree = "<group>";
		};
		08FB77ADFE841716C02AAC07 /* Source */ = {
			isa = PBXGroup;
			children = (
				BE3F6D992197524300D285CF /* prefix.h */,
				BE3F6D8F218E331000D285CF /* fold3d.mm */,
				BE3F6D95218F605300D285CF /* CalculateRuns.mm */,
				BE3F6D96218F605300D285CF /* CalculateRuns.h */,
				BEBB32D90B191CBD000D1681 /* ScanForFolds.h */,
				BE3F6D89218E326A00D285CF /* ScanForFolds.mm */,
				BEBB32890B191694000D1681 /* LMMessageName.h */,
				BE3F6D93218E8EEA00D285CF /* LMMessageName.mm */,
				BEBB32A60B191A12000D1681 /* FindLanguageType.h */,
				BE3F6D91218E8E9E00D285CF /* FindLanguageType.mm */,
			);
			name = Source;
			sourceTree = "<group>";
		};
		2EADE40E056EA22B004A4EFC /* SDK Headers */ = {
			isa = PBXGroup;
			children = (
				BE3F6D84218E0CF000D285CF /* BBLMInterface.h */,
				BE3F6D88218E0CF000D285CF /* BBLMTextIterator.h */,
				BE3F6D85218E0CF000D285CF /* BBLMToken.h */,
			);
			name = "SDK Headers";
			path = Interfaces;
			sourceTree = BBEdit_SDK;
		};
		BE3F6D8B218E32BD00D285CF /* Frameworks */ = {
			isa = PBXGroup;
			children = (
				BE3F6D8C218E32BE00D285CF /* Cocoa.framework */,
			);
			name = Frameworks;
			sourceTree = "<group>";
		};
/* End PBXGroup section */

/* Begin PBXHeadersBuildPhase section */
		5F05133A05A0957400BD0E76 /* Headers */ = {
			isa = PBXHeadersBuildPhase;
			buildActionMask = 2147483647;
			files = (
				BE3F6D98218F605300D285CF /* CalculateRuns.h in Headers */,
			);
			runOnlyForDeploymentPostprocessing = 0;
		};
/* End PBXHeadersBuildPhase section */

/* Begin PBXNativeTarget section */
		5F05133905A0957400BD0E76 /* Fold3D */ = {
			isa = PBXNativeTarget;
			buildConfigurationList = 2E4F91CD0863164B009D6578 /* Build configuration list for PBXNativeTarget "Fold3D" */;
			buildPhases = (
				5F05133A05A0957400BD0E76 /* Headers */,
				5F05133E05A0957400BD0E76 /* Resources */,
				5F05133F05A0957400BD0E76 /* Sources */,
				5F05134105A0957400BD0E76 /* Frameworks */,
				5F05134305A0957400BD0E76 /* Rez */,
			);
			buildRules = (
			);
			dependencies = (
			);
			name = Fold3D;
			productInstallPath = "$(HOME)/Library/Bundles";
			productName = "Hello World";
			productReference = 5F05134605A0957400BD0E76 /* VRML+3DMF.bblm */;
			productType = "com.apple.product-type.bundle";
		};
/* End PBXNativeTarget section */

/* Begin PBXProject section */
		089C1669FE841209C02AAC07 /* Project object */ = {
			isa = PBXProject;
			attributes = {
				LastUpgradeCheck = 0940;
			};
			buildConfigurationList = 2E4F91D10863164B009D6578 /* Build configuration list for PBXProject "Fold3D" */;
			compatibilityVersion = "Xcode 2.4";
			developmentRegion = en;
			hasScannedForEncodings = 1;
			knownRegions = (
				en,
			);
			mainGroup = 089C166AFE841209C02AAC07 /* Hello World */;
			productRefGroup = 089C166AFE841209C02AAC07 /* Hello World */;
			projectDirPath = "";
			projectRoot = "";
			targets = (
				5F05133905A0957400BD0E76 /* Fold3D */,
			);
		};
/* End PBXProject section */

/* Begin PBXResourcesBuildPhase section */
		5F05133E05A0957400BD0E76 /* Resources */ = {
			isa = PBXResourcesBuildPhase;
			buildActionMask = 2147483647;
			files = (
			);
			runOnlyForDeploymentPostprocessing = 0;
		};
/* End PBXResourcesBuildPhase section */

/* Begin PBXRezBuildPhase section */
		5F05134305A0957400BD0E76 /* Rez */ = {
			isa = PBXRezBuildPhase;
			buildActionMask = 2147483647;
			files = (
			);
			runOnlyForDeploymentPostprocessing = 0;
		};
/* End PBXRezBuildPhase section */

/* Begin PBXSourcesBuildPhase section */
		5F05133F05A0957400BD0E76 /* Sources */ = {
			isa = PBXSourcesBuildPhase;
			buildActionMask = 2147483647;
			files = (
				BE3F6D90218E331000D285CF /* fold3d.mm in Sources */,
				BE3F6D94218E8EEA00D285CF /* LMMessageName.mm in Sources */,
				BE3F6D92218E8E9E00D285CF /* FindLanguageType.mm in Sources */,
				BE3F6D97218F605300D285CF /* CalculateRuns.mm in Sources */,
				BE3F6D8A218E326A00D285CF /* ScanForFolds.mm in Sources */,
			);
			runOnlyForDeploymentPostprocessing = 0;
		};
/* End PBXSourcesBuildPhase section */

/* Begin XCBuildConfiguration section */
		2E4F91CE0863164B009D6578 /* Debug */ = {
			isa = XCBuildConfiguration;
			buildSettings = {
				CLANG_ENABLE_OBJC_WEAK = YES;
			};
			name = Debug;
		};
		2E4F91CF0863164B009D6578 /* Release */ = {
			isa = XCBuildConfiguration;
			buildSettings = {
				CLANG_ENABLE_OBJC_WEAK = YES;
			};
			name = Release;
		};
		2E4F91D20863164B009D6578 /* Debug */ = {
			isa = XCBuildConfiguration;
			baseConfigurationReference = BEBB348E0B196E05000D1681 /* Fold3D.xcconfig */;
			buildSettings = {
				CLANG_WARN_BLOCK_CAPTURE_AUTORELEASING = YES;
				CLANG_WARN_BOOL_CONVERSION = YES;
				CLANG_WARN_COMMA = YES;
				CLANG_WARN_CONSTANT_CONVERSION = YES;
				CLANG_WARN_DEPRECATED_OBJC_IMPLEMENTATIONS = YES;
				CLANG_WARN_EMPTY_BODY = YES;
				CLANG_WARN_ENUM_CONVERSION = YES;
				CLANG_WARN_INFINITE_RECURSION = YES;
				CLANG_WARN_INT_CONVERSION = YES;
				CLANG_WARN_NON_LITERAL_NULL_CONVERSION = YES;
				CLANG_WARN_OBJC_IMPLICIT_RETAIN_SELF = YES;
				CLANG_WARN_OBJC_LITERAL_CONVERSION = YES;
				CLANG_WARN_RANGE_LOOP_ANALYSIS = YES;
				CLANG_WARN_STRICT_PROTOTYPES = YES;
				CLANG_WARN_SUSPICIOUS_MOVE = YES;
				CLANG_WARN_UNREACHABLE_CODE = YES;
				CLANG_WARN__DUPLICATE_METHOD_MATCH = YES;
				ENABLE_STRICT_OBJC_MSGSEND = YES;
				ENABLE_TESTABILITY = YES;
				GCC_NO_COMMON_BLOCKS = YES;
				GCC_OPTIMIZATION_LEVEL = 0;
				GCC_PREPROCESSOR_DEFINITIONS = "DEBUG=1";
				GCC_WARN_64_TO_32_BIT_CONVERSION = YES;
				GCC_WARN_UNDECLARED_SELECTOR = YES;
				ONLY_ACTIVE_ARCH = YES;
			};
			name = Debug;
		};
		2E4F91D30863164B009D6578 /* Release */ = {
			isa = XCBuildConfiguration;
			baseConfigurationReference = BEBB348E0B196E05000D1681 /* Fold3D.xcconfig */;
			buildSettings = {
				CLANG_WARN_BLOCK_CAPTURE_AUTORELEASING = YES;
				CLANG_WARN_BOOL_CONVERSION = YES;
				CLANG_WARN_COMMA = YES;
				CLANG_WARN_CONSTANT_CONVERSION = YES;
				CLANG_WARN_DEPRECATED_OBJC_IMPLEMENTATIONS = YES;
				CLANG_WARN_EMPTY_BODY = YES;
				CLANG_WARN_ENUM_CONVERSION = YES;
				CLANG_WARN_INFINITE_RECURSION = YES;
				CLANG_WARN_INT_CONVERSION = YES;
				CLANG_WARN_NON_LITERAL_NULL_CONVERSION = YES;
				CLANG_WARN_OBJC_IMPLICIT_RETAIN_SELF = YES;
				CLANG_WARN_OBJC_LITERAL_CONVERSION = YES;
				CLANG_WARN_RANGE_LOOP_ANALYSIS = YES;
				CLANG_WARN_STRICT_PROTOTYPES = YES;
				CLANG_WARN_SUSPICIOUS_MOVE = YES;
				CLANG_WARN_UNREACHABLE_CODE = YES;
				CLANG_WARN__DUPLICATE_METHOD_MATCH = YES;
				ENABLE_STRICT_OBJC_MSGSEND = YES;
				GCC_NO_COMMON_BLOCKS = YES;
				GCC_WARN_64_TO_32_BIT_CONVERSION = YES;
				GCC_WARN_UNDECLARED_SELECTOR = YES;
				GCC_WARN_UNINITIALIZED_AUTOS = YES;
			};
			name = Release;
		};
/* End XCBuildConfiguration section */

/* Begin XCConfigurationList section */
		2E4F91CD0863164B009D6578 /* Build configuration list for PBXNativeTarget "Fold3D" */ = {
			isa = XCConfigurationList;
			buildConfigurations = (
				2E4F91CE0863164B009D6578 /* Debug */,
				2E4F91CF0863164B009D6578 /* Release */,
			);
			defaultConfigurationIsVisible = 0;
			defaultConfigurationName = Debug;
		};
		2E4F91D10863164B009D6578 /* Build configuration list for PBXProject "Fold3D" */ = {
			isa = XCConfigurationList;
			buildConfigurations = (
				2E4F91D20863164B009D6578 /* Debug */,
				2E4F91D30863164B009D6578 /* Release */,
			);
			defaultConfigurationIsVisible = 0;
			defaultConfigurationName = Debug;
		};
/* End XCConfigurationList section */
	};
	rootObject = 089C1669FE841209C02AAC07 /* Project object */;
}
